// !$*UTF8*$!
{
	archiveVersion = 1;
	classes = {
	};
	objectVersion = 56;
	objects = {

/* Begin PBXBuildFile section */
		896195A12AB4D6C800A560D8 /* UploadViewController.swift in Sources */ = {isa = PBXBuildFile; fileRef = 896195A02AB4D6C800A560D8 /* UploadViewController.swift */; };
		897015512AB1E14100274764 /* AppDelegate.swift in Sources */ = {isa = PBXBuildFile; fileRef = 897015502AB1E14100274764 /* AppDelegate.swift */; };
		897015532AB1E14100274764 /* SceneDelegate.swift in Sources */ = {isa = PBXBuildFile; fileRef = 897015522AB1E14100274764 /* SceneDelegate.swift */; };
		897015552AB1E14100274764 /* ViewController.swift in Sources */ = {isa = PBXBuildFile; fileRef = 897015542AB1E14100274764 /* ViewController.swift */; };
		897015582AB1E14100274764 /* Main.storyboard in Resources */ = {isa = PBXBuildFile; fileRef = 897015562AB1E14100274764 /* Main.storyboard */; };
		8970155A2AB1E14200274764 /* Assets.xcassets in Resources */ = {isa = PBXBuildFile; fileRef = 897015592AB1E14200274764 /* Assets.xcassets */; };
		8970155D2AB1E14200274764 /* LaunchScreen.storyboard in Resources */ = {isa = PBXBuildFile; fileRef = 8970155B2AB1E14200274764 /* LaunchScreen.storyboard */; };
		8988573C2AB335BA005AE3FD /* GoogleService-Info.plist in Resources */ = {isa = PBXBuildFile; fileRef = 8988573B2AB335BA005AE3FD /* GoogleService-Info.plist */; };
		8988573F2AB33686005AE3FD /* FirebaseAuth in Frameworks */ = {isa = PBXBuildFile; productRef = 8988573E2AB33686005AE3FD /* FirebaseAuth */; };
		898857412AB33686005AE3FD /* FirebaseDatabase in Frameworks */ = {isa = PBXBuildFile; productRef = 898857402AB33686005AE3FD /* FirebaseDatabase */; };
		898857432AB33686005AE3FD /* FirebaseFirestore in Frameworks */ = {isa = PBXBuildFile; productRef = 898857422AB33686005AE3FD /* FirebaseFirestore */; };
		898857452AB33686005AE3FD /* FirebaseFirestoreSwift in Frameworks */ = {isa = PBXBuildFile; productRef = 898857442AB33686005AE3FD /* FirebaseFirestoreSwift */; };
		898857472AB33686005AE3FD /* FirebaseStorage in Frameworks */ = {isa = PBXBuildFile; productRef = 898857462AB33686005AE3FD /* FirebaseStorage */; };
		898857492AB3458D005AE3FD /* HomePageViewController.swift in Sources */ = {isa = PBXBuildFile; fileRef = 898857482AB3458C005AE3FD /* HomePageViewController.swift */; };
		8988574B2AB3498E005AE3FD /* Alert.swift in Sources */ = {isa = PBXBuildFile; fileRef = 8988574A2AB3498E005AE3FD /* Alert.swift */; };
		8988574D2AB36A0F005AE3FD /* TableViewCellList.swift in Sources */ = {isa = PBXBuildFile; fileRef = 8988574C2AB36A0F005AE3FD /* TableViewCellList.swift */; };
		89B67B992AB88273008A4CF5 /* HistoryViewController.swift in Sources */ = {isa = PBXBuildFile; fileRef = 89B67B982AB88273008A4CF5 /* HistoryViewController.swift */; };
		89B67B9B2AB882B6008A4CF5 /* HistoryTableViewCell.swift in Sources */ = {isa = PBXBuildFile; fileRef = 89B67B9A2AB882B6008A4CF5 /* HistoryTableViewCell.swift */; };
/* End PBXBuildFile section */

/* Begin PBXFileReference section */
		896195A02AB4D6C800A560D8 /* UploadViewController.swift */ = {isa = PBXFileReference; lastKnownFileType = sourcecode.swift; path = UploadViewController.swift; sourceTree = "<group>"; };
		8970154D2AB1E14100274764 /* ToDoListApp.app */ = {isa = PBXFileReference; explicitFileType = wrapper.application; includeInIndex = 0; path = ToDoListApp.app; sourceTree = BUILT_PRODUCTS_DIR; };
		897015502AB1E14100274764 /* AppDelegate.swift */ = {isa = PBXFileReference; lastKnownFileType = sourcecode.swift; path = AppDelegate.swift; sourceTree = "<group>"; };
		897015522AB1E14100274764 /* SceneDelegate.swift */ = {isa = PBXFileReference; lastKnownFileType = sourcecode.swift; path = SceneDelegate.swift; sourceTree = "<group>"; };
		897015542AB1E14100274764 /* ViewController.swift */ = {isa = PBXFileReference; lastKnownFileType = sourcecode.swift; path = ViewController.swift; sourceTree = "<group>"; };
		897015572AB1E14100274764 /* Base */ = {isa = PBXFileReference; lastKnownFileType = file.storyboard; name = Base; path = Base.lproj/Main.storyboard; sourceTree = "<group>"; };
		897015592AB1E14200274764 /* Assets.xcassets */ = {isa = PBXFileReference; lastKnownFileType = folder.assetcatalog; path = Assets.xcassets; sourceTree = "<group>"; };
		8970155C2AB1E14200274764 /* Base */ = {isa = PBXFileReference; lastKnownFileType = file.storyboard; name = Base; path = Base.lproj/LaunchScreen.storyboard; sourceTree = "<group>"; };
		8970155E2AB1E14200274764 /* Info.plist */ = {isa = PBXFileReference; lastKnownFileType = text.plist.xml; path = Info.plist; sourceTree = "<group>"; };
		8988573B2AB335BA005AE3FD /* GoogleService-Info.plist */ = {isa = PBXFileReference; fileEncoding = 4; lastKnownFileType = text.plist.xml; path = "GoogleService-Info.plist"; sourceTree = "<group>"; };
		898857482AB3458C005AE3FD /* HomePageViewController.swift */ = {isa = PBXFileReference; lastKnownFileType = sourcecode.swift; path = HomePageViewController.swift; sourceTree = "<group>"; };
		8988574A2AB3498E005AE3FD /* Alert.swift */ = {isa = PBXFileReference; lastKnownFileType = sourcecode.swift; path = Alert.swift; sourceTree = "<group>"; };
		8988574C2AB36A0F005AE3FD /* TableViewCellList.swift */ = {isa = PBXFileReference; lastKnownFileType = sourcecode.swift; path = TableViewCellList.swift; sourceTree = "<group>"; };
		89B67B982AB88273008A4CF5 /* HistoryViewController.swift */ = {isa = PBXFileReference; lastKnownFileType = sourcecode.swift; path = HistoryViewController.swift; sourceTree = "<group>"; };
		89B67B9A2AB882B6008A4CF5 /* HistoryTableViewCell.swift */ = {isa = PBXFileReference; lastKnownFileType = sourcecode.swift; path = HistoryTableViewCell.swift; sourceTree = "<group>"; };
/* End PBXFileReference section */

/* Begin PBXFrameworksBuildPhase section */
		8970154A2AB1E14100274764 /* Frameworks */ = {
			isa = PBXFrameworksBuildPhase;
			buildActionMask = 2147483647;
			files = (
				898857412AB33686005AE3FD /* FirebaseDatabase in Frameworks */,
				8988573F2AB33686005AE3FD /* FirebaseAuth in Frameworks */,
				898857432AB33686005AE3FD /* FirebaseFirestore in Frameworks */,
				898857472AB33686005AE3FD /* FirebaseStorage in Frameworks */,
				898857452AB33686005AE3FD /* FirebaseFirestoreSwift in Frameworks */,
			);
			runOnlyForDeploymentPostprocessing = 0;
		};
/* End PBXFrameworksBuildPhase section */

/* Begin PBXGroup section */
		897015442AB1E14100274764 = {
			isa = PBXGroup;
			children = (
				8970154F2AB1E14100274764 /* ToDoListApp */,
				8970154E2AB1E14100274764 /* Products */,
			);
			sourceTree = "<group>";
		};
		8970154E2AB1E14100274764 /* Products */ = {
			isa = PBXGroup;
			children = (
				8970154D2AB1E14100274764 /* ToDoListApp.app */,
			);
			name = Products;
			sourceTree = "<group>";
		};
		8970154F2AB1E14100274764 /* ToDoListApp */ = {
			isa = PBXGroup;
			children = (
				897015502AB1E14100274764 /* AppDelegate.swift */,
				897015522AB1E14100274764 /* SceneDelegate.swift */,
				897015542AB1E14100274764 /* ViewController.swift */,
				8988574A2AB3498E005AE3FD /* Alert.swift */,
				896195A02AB4D6C800A560D8 /* UploadViewController.swift */,
				898857482AB3458C005AE3FD /* HomePageViewController.swift */,
				8988574C2AB36A0F005AE3FD /* TableViewCellList.swift */,
				897015562AB1E14100274764 /* Main.storyboard */,
				897015592AB1E14200274764 /* Assets.xcassets */,
				8970155B2AB1E14200274764 /* LaunchScreen.storyboard */,
				8970155E2AB1E14200274764 /* Info.plist */,
				8988573B2AB335BA005AE3FD /* GoogleService-Info.plist */,
				89B67B982AB88273008A4CF5 /* HistoryViewController.swift */,
				89B67B9A2AB882B6008A4CF5 /* HistoryTableViewCell.swift */,
			);
			path = ToDoListApp;
			sourceTree = "<group>";
		};
/* End PBXGroup section */

/* Begin PBXNativeTarget section */
		8970154C2AB1E14100274764 /* ToDoListApp */ = {
			isa = PBXNativeTarget;
			buildConfigurationList = 897015612AB1E14200274764 /* Build configuration list for PBXNativeTarget "ToDoListApp" */;
			buildPhases = (
				897015492AB1E14100274764 /* Sources */,
				8970154A2AB1E14100274764 /* Frameworks */,
				8970154B2AB1E14100274764 /* Resources */,
			);
			buildRules = (
			);
			dependencies = (
			);
			name = ToDoListApp;
			packageProductDependencies = (
				8988573E2AB33686005AE3FD /* FirebaseAuth */,
				898857402AB33686005AE3FD /* FirebaseDatabase */,
				898857422AB33686005AE3FD /* FirebaseFirestore */,
				898857442AB33686005AE3FD /* FirebaseFirestoreSwift */,
				898857462AB33686005AE3FD /* FirebaseStorage */,
			);
			productName = ToDoListApp;
			productReference = 8970154D2AB1E14100274764 /* ToDoListApp.app */;
			productType = "com.apple.product-type.application";
		};
/* End PBXNativeTarget section */

/* Begin PBXProject section */
		897015452AB1E14100274764 /* Project object */ = {
			isa = PBXProject;
			attributes = {
				BuildIndependentTargetsInParallel = 1;
				LastSwiftUpdateCheck = 1430;
				LastUpgradeCheck = 1430;
				TargetAttributes = {
					8970154C2AB1E14100274764 = {
						CreatedOnToolsVersion = 14.3.1;
					};
				};
			};
			buildConfigurationList = 897015482AB1E14100274764 /* Build configuration list for PBXProject "ToDoListApp" */;
			compatibilityVersion = "Xcode 14.0";
			developmentRegion = en;
			hasScannedForEncodings = 0;
			knownRegions = (
				en,
				Base,
			);
			mainGroup = 897015442AB1E14100274764;
			packageReferences = (
				8988573D2AB33686005AE3FD /* XCRemoteSwiftPackageReference "firebase-ios-sdk" */,
			);
			productRefGroup = 8970154E2AB1E14100274764 /* Products */;
			projectDirPath = "";
			projectRoot = "";
			targets = (
				8970154C2AB1E14100274764 /* ToDoListApp */,
			);
		};
/* End PBXProject section */

/* Begin PBXResourcesBuildPhase section */
		8970154B2AB1E14100274764 /* Resources */ = {
			isa = PBXResourcesBuildPhase;
			buildActionMask = 2147483647;
			files = (
				8970155D2AB1E14200274764 /* LaunchScreen.storyboard in Resources */,
				8988573C2AB335BA005AE3FD /* GoogleService-Info.plist in Resources */,
				8970155A2AB1E14200274764 /* Assets.xcassets in Resources */,
				897015582AB1E14100274764 /* Main.storyboard in Resources */,
			);
			runOnlyForDeploymentPostprocessing = 0;
		};
/* End PBXResourcesBuildPhase section */

/* Begin PBXSourcesBuildPhase section */
		897015492AB1E14100274764 /* Sources */ = {
			isa = PBXSourcesBuildPhase;
			buildActionMask = 2147483647;
			files = (
				89B67B9B2AB882B6008A4CF5 /* HistoryTableViewCell.swift in Sources */,
				898857492AB3458D005AE3FD /* HomePageViewController.swift in Sources */,
				896195A12AB4D6C800A560D8 /* UploadViewController.swift in Sources */,
				8988574D2AB36A0F005AE3FD /* TableViewCellList.swift in Sources */,
				897015552AB1E14100274764 /* ViewController.swift in Sources */,
				897015512AB1E14100274764 /* AppDelegate.swift in Sources */,
				8988574B2AB3498E005AE3FD /* Alert.swift in Sources */,
				897015532AB1E14100274764 /* SceneDelegate.swift in Sources */,
				89B67B992AB88273008A4CF5 /* HistoryViewController.swift in Sources */,
			);
			runOnlyForDeploymentPostprocessing = 0;
		};
/* End PBXSourcesBuildPhase section */

/* Begin PBXVariantGroup section */
		897015562AB1E14100274764 /* Main.storyboard */ = {
			isa = PBXVariantGroup;
			children = (
				897015572AB1E14100274764 /* Base */,
			);
			name = Main.storyboard;
			sourceTree = "<group>";
		};
		8970155B2AB1E14200274764 /* LaunchScreen.storyboard */ = {
			isa = PBXVariantGroup;
			children = (
				8970155C2AB1E14200274764 /* Base */,
			);
			name = LaunchScreen.storyboard;
			sourceTree = "<group>";
		};
/* End PBXVariantGroup section */

/* Begin XCBuildConfiguration section */
		8970155F2AB1E14200274764 /* Debug */ = {
			isa = XCBuildConfiguration;
			buildSettings = {
				ALWAYS_SEARCH_USER_PATHS = NO;
				CLANG_ANALYZER_NONNULL = YES;
				CLANG_ANALYZER_NUMBER_OBJECT_CONVERSION = YES_AGGRESSIVE;
				CLANG_CXX_LANGUAGE_STANDARD = "gnu++20";
				CLANG_ENABLE_MODULES = YES;
				CLANG_ENABLE_OBJC_ARC = YES;
				CLANG_ENABLE_OBJC_WEAK = YES;
				CLANG_WARN_BLOCK_CAPTURE_AUTORELEASING = YES;
				CLANG_WARN_BOOL_CONVERSION = YES;
				CLANG_WARN_COMMA = YES;
				CLANG_WARN_CONSTANT_CONVERSION = YES;
				CLANG_WARN_DEPRECATED_OBJC_IMPLEMENTATIONS = YES;
				CLANG_WARN_DIRECT_OBJC_ISA_USAGE = YES_ERROR;
				CLANG_WARN_DOCUMENTATION_COMMENTS = YES;
				CLANG_WARN_EMPTY_BODY = YES;
				CLANG_WARN_ENUM_CONVERSION = YES;
				CLANG_WARN_INFINITE_RECURSION = YES;
				CLANG_WARN_INT_CONVERSION = YES;
				CLANG_WARN_NON_LITERAL_NULL_CONVERSION = YES;
				CLANG_WARN_OBJC_IMPLICIT_RETAIN_SELF = YES;
				CLANG_WARN_OBJC_LITERAL_CONVERSION = YES;
				CLANG_WARN_OBJC_ROOT_CLASS = YES_ERROR;
				CLANG_WARN_QUOTED_INCLUDE_IN_FRAMEWORK_HEADER = YES;
				CLANG_WARN_RANGE_LOOP_ANALYSIS = YES;
				CLANG_WARN_STRICT_PROTOTYPES = YES;
				CLANG_WARN_SUSPICIOUS_MOVE = YES;
				CLANG_WARN_UNGUARDED_AVAILABILITY = YES_AGGRESSIVE;
				CLANG_WARN_UNREACHABLE_CODE = YES;
				CLANG_WARN__DUPLICATE_METHOD_MATCH = YES;
				COPY_PHASE_STRIP = NO;
				DEBUG_INFORMATION_FORMAT = dwarf;
				ENABLE_STRICT_OBJC_MSGSEND = YES;
				ENABLE_TESTABILITY = YES;
				GCC_C_LANGUAGE_STANDARD = gnu11;
				GCC_DYNAMIC_NO_PIC = NO;
				GCC_NO_COMMON_BLOCKS = YES;
				GCC_OPTIMIZATION_LEVEL = 0;
				GCC_PREPROCESSOR_DEFINITIONS = (
					"DEBUG=1",
					"$(inherited)",
				);
				GCC_WARN_64_TO_32_BIT_CONVERSION = YES;
				GCC_WARN_ABOUT_RETURN_TYPE = YES_ERROR;
				GCC_WARN_UNDECLARED_SELECTOR = YES;
				GCC_WARN_UNINITIALIZED_AUTOS = YES_AGGRESSIVE;
				GCC_WARN_UNUSED_FUNCTION = YES;
				GCC_WARN_UNUSED_VARIABLE = YES;
				IPHONEOS_DEPLOYMENT_TARGET = 16.4;
				MTL_ENABLE_DEBUG_INFO = INCLUDE_SOURCE;
				MTL_FAST_MATH = YES;
				ONLY_ACTIVE_ARCH = YES;
				SDKROOT = iphoneos;
				SWIFT_ACTIVE_COMPILATION_CONDITIONS = DEBUG;
				SWIFT_OPTIMIZATION_LEVEL = "-Onone";
			};
			name = Debug;
		};
		897015602AB1E14200274764 /* Release */ = {
			isa = XCBuildConfiguration;
			buildSettings = {
				ALWAYS_SEARCH_USER_PATHS = NO;
				CLANG_ANALYZER_NONNULL = YES;
				CLANG_ANALYZER_NUMBER_OBJECT_CONVERSION = YES_AGGRESSIVE;
				CLANG_CXX_LANGUAGE_STANDARD = "gnu++20";
				CLANG_ENABLE_MODULES = YES;
				CLANG_ENABLE_OBJC_ARC = YES;
				CLANG_ENABLE_OBJC_WEAK = YES;
				CLANG_WARN_BLOCK_CAPTURE_AUTORELEASING = YES;
				CLANG_WARN_BOOL_CONVERSION = YES;
				CLANG_WARN_COMMA = YES;
				CLANG_WARN_CONSTANT_CONVERSION = YES;
				CLANG_WARN_DEPRECATED_OBJC_IMPLEMENTATIONS = YES;
				CLANG_WARN_DIRECT_OBJC_ISA_USAGE = YES_ERROR;
				CLANG_WARN_DOCUMENTATION_COMMENTS = YES;
				CLANG_WARN_EMPTY_BODY = YES;
				CLANG_WARN_ENUM_CONVERSION = YES;
				CLANG_WARN_INFINITE_RECURSION = YES;
				CLANG_WARN_INT_CONVERSION = YES;
				CLANG_WARN_NON_LITERAL_NULL_CONVERSION = YES;
				CLANG_WARN_OBJC_IMPLICIT_RETAIN_SELF = YES;
				CLANG_WARN_OBJC_LITERAL_CONVERSION = YES;
				CLANG_WARN_OBJC_ROOT_CLASS = YES_ERROR;
				CLANG_WARN_QUOTED_INCLUDE_IN_FRAMEWORK_HEADER = YES;
				CLANG_WARN_RANGE_LOOP_ANALYSIS = YES;
				CLANG_WARN_STRICT_PROTOTYPES = YES;
				CLANG_WARN_SUSPICIOUS_MOVE = YES;
				CLANG_WARN_UNGUARDED_AVAILABILITY = YES_AGGRESSIVE;
				CLANG_WARN_UNREACHABLE_CODE = YES;
				CLANG_WARN__DUPLICATE_METHOD_MATCH = YES;
				COPY_PHASE_STRIP = NO;
				DEBUG_INFORMATION_FORMAT = "dwarf-with-dsym";
				ENABLE_NS_ASSERTIONS = NO;
				ENABLE_STRICT_OBJC_MSGSEND = YES;
				GCC_C_LANGUAGE_STANDARD = gnu11;
				GCC_NO_COMMON_BLOCKS = YES;
				GCC_WARN_64_TO_32_BIT_CONVERSION = YES;
				GCC_WARN_ABOUT_RETURN_TYPE = YES_ERROR;
				GCC_WARN_UNDECLARED_SELECTOR = YES;
				GCC_WARN_UNINITIALIZED_AUTOS = YES_AGGRESSIVE;
				GCC_WARN_UNUSED_FUNCTION = YES;
				GCC_WARN_UNUSED_VARIABLE = YES;
				IPHONEOS_DEPLOYMENT_TARGET = 16.4;
				MTL_ENABLE_DEBUG_INFO = NO;
				MTL_FAST_MATH = YES;
				SDKROOT = iphoneos;
				SWIFT_COMPILATION_MODE = wholemodule;
				SWIFT_OPTIMIZATION_LEVEL = "-O";
				VALIDATE_PRODUCT = YES;
			};
			name = Release;
		};
		897015622AB1E14200274764 /* Debug */ = {
			isa = XCBuildConfiguration;
			buildSettings = {
				ASSETCATALOG_COMPILER_APPICON_NAME = AppIcon;
				ASSETCATALOG_COMPILER_GLOBAL_ACCENT_COLOR_NAME = AccentColor;
				CODE_SIGN_STYLE = Automatic;
				CURRENT_PROJECT_VERSION = 1;
				DEVELOPMENT_TEAM = 8H25LDR4HP;
				GENERATE_INFOPLIST_FILE = YES;
				INFOPLIST_FILE = ToDoListApp/Info.plist;
				INFOPLIST_KEY_UIApplicationSupportsIndirectInputEvents = YES;
				INFOPLIST_KEY_UILaunchStoryboardName = LaunchScreen;
				INFOPLIST_KEY_UIMainStoryboardFile = Main;
				INFOPLIST_KEY_UISupportedInterfaceOrientations_iPad = "UIInterfaceOrientationPortrait UIInterfaceOrientationPortraitUpsideDown UIInterfaceOrientationLandscapeLeft UIInterfaceOrientationLandscapeRight";
				INFOPLIST_KEY_UISupportedInterfaceOrientations_iPhone = "UIInterfaceOrientationPortrait UIInterfaceOrientationLandscapeLeft UIInterfaceOrientationLandscapeRight";
				LD_RUNPATH_SEARCH_PATHS = (
					"$(inherited)",
					"@executable_path/Frameworks",
				);
				MARKETING_VERSION = 1.0;
				PRODUCT_BUNDLE_IDENTIFIER = com.ibrahimturk.ToDoListApp;
				PRODUCT_NAME = "$(TARGET_NAME)";
				SWIFT_EMIT_LOC_STRINGS = YES;
				SWIFT_VERSION = 5.0;
				TARGETED_DEVICE_FAMILY = "1,2";
			};
			name = Debug;
		};
		897015632AB1E14200274764 /* Release */ = {
			isa = XCBuildConfiguration;
			buildSettings = {
				ASSETCATALOG_COMPILER_APPICON_NAME = AppIcon;
				ASSETCATALOG_COMPILER_GLOBAL_ACCENT_COLOR_NAME = AccentColor;
				CODE_SIGN_STYLE = Automatic;
				CURRENT_PROJECT_VERSION = 1;
				DEVELOPMENT_TEAM = 8H25LDR4HP;
				GENERATE_INFOPLIST_FILE = YES;
				INFOPLIST_FILE = ToDoListApp/Info.plist;
				INFOPLIST_KEY_UIApplicationSupportsIndirectInputEvents = YES;
				INFOPLIST_KEY_UILaunchStoryboardName = LaunchScreen;
				INFOPLIST_KEY_UIMainStoryboardFile = Main;
				INFOPLIST_KEY_UISupportedInterfaceOrientations_iPad = "UIInterfaceOrientationPortrait UIInterfaceOrientationPortraitUpsideDown UIInterfaceOrientationLandscapeLeft UIInterfaceOrientationLandscapeRight";
				INFOPLIST_KEY_UISupportedInterfaceOrientations_iPhone = "UIInterfaceOrientationPortrait UIInterfaceOrientationLandscapeLeft UIInterfaceOrientationLandscapeRight";
				LD_RUNPATH_SEARCH_PATHS = (
					"$(inherited)",
					"@executable_path/Frameworks",
				);
				MARKETING_VERSION = 1.0;
				PRODUCT_BUNDLE_IDENTIFIER = com.ibrahimturk.ToDoListApp;
				PRODUCT_NAME = "$(TARGET_NAME)";
				SWIFT_EMIT_LOC_STRINGS = YES;
				SWIFT_VERSION = 5.0;
				TARGETED_DEVICE_FAMILY = "1,2";
			};
			name = Release;
		};
/* End XCBuildConfiguration section */

/* Begin XCConfigurationList section */
		897015482AB1E14100274764 /* Build configuration list for PBXProject "ToDoListApp" */ = {
			isa = XCConfigurationList;
			buildConfigurations = (
				8970155F2AB1E14200274764 /* Debug */,
				897015602AB1E14200274764 /* Release */,
			);
			defaultConfigurationIsVisible = 0;
			defaultConfigurationName = Release;
		};
		897015612AB1E14200274764 /* Build configuration list for PBXNativeTarget "ToDoListApp" */ = {
			isa = XCConfigurationList;
			buildConfigurations = (
				897015622AB1E14200274764 /* Debug */,
				897015632AB1E14200274764 /* Release */,
			);
			defaultConfigurationIsVisible = 0;
			defaultConfigurationName = Release;
		};
/* End XCConfigurationList section */

/* Begin XCRemoteSwiftPackageReference section */
		8988573D2AB33686005AE3FD /* XCRemoteSwiftPackageReference "firebase-ios-sdk" */ = {
			isa = XCRemoteSwiftPackageReference;
			repositoryURL = "https://github.com/firebase/firebase-ios-sdk";
			requirement = {
				kind = upToNextMajorVersion;
				minimumVersion = 10.0.0;
			};
		};
/* End XCRemoteSwiftPackageReference section */

/* Begin XCSwiftPackageProductDependency section */
		8988573E2AB33686005AE3FD /* FirebaseAuth */ = {
			isa = XCSwiftPackageProductDependency;
			package = 8988573D2AB33686005AE3FD /* XCRemoteSwiftPackageReference "firebase-ios-sdk" */;
			productName = FirebaseAuth;
		};
		898857402AB33686005AE3FD /* FirebaseDatabase */ = {
			isa = XCSwiftPackageProductDependency;
			package = 8988573D2AB33686005AE3FD /* XCRemoteSwiftPackageReference "firebase-ios-sdk" */;
			productName = FirebaseDatabase;
		};
		898857422AB33686005AE3FD /* FirebaseFirestore */ = {
			isa = XCSwiftPackageProductDependency;
			package = 8988573D2AB33686005AE3FD /* XCRemoteSwiftPackageReference "firebase-ios-sdk" */;
			productName = FirebaseFirestore;
		};
		898857442AB33686005AE3FD /* FirebaseFirestoreSwift */ = {
			isa = XCSwiftPackageProductDependency;
			package = 8988573D2AB33686005AE3FD /* XCRemoteSwiftPackageReference "firebase-ios-sdk" */;
			productName = FirebaseFirestoreSwift;
		};
		898857462AB33686005AE3FD /* FirebaseStorage */ = {
			isa = XCSwiftPackageProductDependency;
			package = 8988573D2AB33686005AE3FD /* XCRemoteSwiftPackageReference "firebase-ios-sdk" */;
			productName = FirebaseStorage;
		};
/* End XCSwiftPackageProductDependency section */
	};
	rootObject = 897015452AB1E14100274764 /* Project object */;
}
